// !$*UTF8*$!
{
	archiveVersion = 1;
	classes = {
	};
	objectVersion = 55;
	objects = {

/* Begin PBXBuildFile section */
		076F1E2027B6EAFA00B6D9F8 /* SDWebImageSwiftUI in Frameworks */ = {isa = PBXBuildFile; productRef = 076F1E1F27B6EAFA00B6D9F8 /* SDWebImageSwiftUI */; };
		076F1E2327B6EB6A00B6D9F8 /* ImageModel.swift in Sources */ = {isa = PBXBuildFile; fileRef = 076F1E2227B6EB6A00B6D9F8 /* ImageModel.swift */; };
		076F1E2627B6EC4F00B6D9F8 /* ImageViewModel.swift in Sources */ = {isa = PBXBuildFile; fileRef = 076F1E2527B6EC4F00B6D9F8 /* ImageViewModel.swift */; };
		076F1E2727B6ECA600B6D9F8 /* ImageViewModel.swift in Sources */ = {isa = PBXBuildFile; fileRef = 076F1E2527B6EC4F00B6D9F8 /* ImageViewModel.swift */; };
		076F1E2827B6ECB900B6D9F8 /* ImageModel.swift in Sources */ = {isa = PBXBuildFile; fileRef = 076F1E2227B6EB6A00B6D9F8 /* ImageModel.swift */; };
		07B862EA27B42C0B003ACB52 /* TabButton.swift in Sources */ = {isa = PBXBuildFile; fileRef = 07B862E927B42C0B003ACB52 /* TabButton.swift */; };
		07B862EB27B42C0B003ACB52 /* TabButton.swift in Sources */ = {isa = PBXBuildFile; fileRef = 07B862E927B42C0B003ACB52 /* TabButton.swift */; };
		07DC64AA27B3ED1D004678F7 /* Tests_iOS.swift in Sources */ = {isa = PBXBuildFile; fileRef = 07DC64A927B3ED1D004678F7 /* Tests_iOS.swift */; };
		07DC64AC27B3ED1D004678F7 /* Tests_iOSLaunchTests.swift in Sources */ = {isa = PBXBuildFile; fileRef = 07DC64AB27B3ED1D004678F7 /* Tests_iOSLaunchTests.swift */; };
		07DC64B627B3ED1D004678F7 /* Tests_macOS.swift in Sources */ = {isa = PBXBuildFile; fileRef = 07DC64B527B3ED1D004678F7 /* Tests_macOS.swift */; };
		07DC64B827B3ED1D004678F7 /* Tests_macOSLaunchTests.swift in Sources */ = {isa = PBXBuildFile; fileRef = 07DC64B727B3ED1D004678F7 /* Tests_macOSLaunchTests.swift */; };
		07DC64B927B3ED1D004678F7 /* PintrestApp.swift in Sources */ = {isa = PBXBuildFile; fileRef = 07DC649127B3ED1B004678F7 /* PintrestApp.swift */; };
		07DC64BA27B3ED1D004678F7 /* PintrestApp.swift in Sources */ = {isa = PBXBuildFile; fileRef = 07DC649127B3ED1B004678F7 /* PintrestApp.swift */; };
		07DC64BB27B3ED1D004678F7 /* ContentView.swift in Sources */ = {isa = PBXBuildFile; fileRef = 07DC649227B3ED1B004678F7 /* ContentView.swift */; };
		07DC64BC27B3ED1D004678F7 /* ContentView.swift in Sources */ = {isa = PBXBuildFile; fileRef = 07DC649227B3ED1B004678F7 /* ContentView.swift */; };
		07DC64BD27B3ED1D004678F7 /* Assets.xcassets in Resources */ = {isa = PBXBuildFile; fileRef = 07DC649327B3ED1D004678F7 /* Assets.xcassets */; };
		07DC64BE27B3ED1D004678F7 /* Assets.xcassets in Resources */ = {isa = PBXBuildFile; fileRef = 07DC649327B3ED1D004678F7 /* Assets.xcassets */; };
		07DC64CF27B3ED88004678F7 /* Home.swift in Sources */ = {isa = PBXBuildFile; fileRef = 07DC64CE27B3ED88004678F7 /* Home.swift */; };
		07DC64D027B3EDBC004678F7 /* Home.swift in Sources */ = {isa = PBXBuildFile; fileRef = 07DC64CE27B3ED88004678F7 /* Home.swift */; };
		07DC64D227B3F01D004678F7 /* BlurWindow.swift in Sources */ = {isa = PBXBuildFile; fileRef = 07DC64D127B3F01D004678F7 /* BlurWindow.swift */; };
		07DC64D327B3F01D004678F7 /* BlurWindow.swift in Sources */ = {isa = PBXBuildFile; fileRef = 07DC64D127B3F01D004678F7 /* BlurWindow.swift */; };
		07E75A2027B7CC95006C72FA /* SDWebImageSwiftUI in Frameworks */ = {isa = PBXBuildFile; productRef = 07E75A1F27B7CC95006C72FA /* SDWebImageSwiftUI */; };
/* End PBXBuildFile section */

/* Begin PBXContainerItemProxy section */
		07DC64A627B3ED1D004678F7 /* PBXContainerItemProxy */ = {
			isa = PBXContainerItemProxy;
			containerPortal = 07DC648C27B3ED1B004678F7 /* Project object */;
			proxyType = 1;
			remoteGlobalIDString = 07DC649727B3ED1D004678F7;
			remoteInfo = "Pintrest (iOS)";
		};
		07DC64B227B3ED1D004678F7 /* PBXContainerItemProxy */ = {
			isa = PBXContainerItemProxy;
			containerPortal = 07DC648C27B3ED1B004678F7 /* Project object */;
			proxyType = 1;
			remoteGlobalIDString = 07DC649D27B3ED1D004678F7;
			remoteInfo = "Pintrest (macOS)";
		};
/* End PBXContainerItemProxy section */

/* Begin PBXFileReference section */
		076F1E2227B6EB6A00B6D9F8 /* ImageModel.swift */ = {isa = PBXFileReference; lastKnownFileType = sourcecode.swift; path = ImageModel.swift; sourceTree = "<group>"; };
		076F1E2527B6EC4F00B6D9F8 /* ImageViewModel.swift */ = {isa = PBXFileReference; lastKnownFileType = sourcecode.swift; path = ImageViewModel.swift; sourceTree = "<group>"; };
		07B862E927B42C0B003ACB52 /* TabButton.swift */ = {isa = PBXFileReference; lastKnownFileType = sourcecode.swift; path = TabButton.swift; sourceTree = "<group>"; };
		07DC649127B3ED1B004678F7 /* PintrestApp.swift */ = {isa = PBXFileReference; lastKnownFileType = sourcecode.swift; path = PintrestApp.swift; sourceTree = "<group>"; };
		07DC649227B3ED1B004678F7 /* ContentView.swift */ = {isa = PBXFileReference; lastKnownFileType = sourcecode.swift; path = ContentView.swift; sourceTree = "<group>"; };
		07DC649327B3ED1D004678F7 /* Assets.xcassets */ = {isa = PBXFileReference; lastKnownFileType = folder.assetcatalog; path = Assets.xcassets; sourceTree = "<group>"; };
		07DC649827B3ED1D004678F7 /* Pintrest.app */ = {isa = PBXFileReference; explicitFileType = wrapper.application; includeInIndex = 0; path = Pintrest.app; sourceTree = BUILT_PRODUCTS_DIR; };
		07DC649E27B3ED1D004678F7 /* Pintrest.app */ = {isa = PBXFileReference; explicitFileType = wrapper.application; includeInIndex = 0; path = Pintrest.app; sourceTree = BUILT_PRODUCTS_DIR; };
		07DC64A027B3ED1D004678F7 /* macOS.entitlements */ = {isa = PBXFileReference; lastKnownFileType = text.plist.entitlements; path = macOS.entitlements; sourceTree = "<group>"; };
		07DC64A527B3ED1D004678F7 /* Tests iOS.xctest */ = {isa = PBXFileReference; explicitFileType = wrapper.cfbundle; includeInIndex = 0; path = "Tests iOS.xctest"; sourceTree = BUILT_PRODUCTS_DIR; };
		07DC64A927B3ED1D004678F7 /* Tests_iOS.swift */ = {isa = PBXFileReference; lastKnownFileType = sourcecode.swift; path = Tests_iOS.swift; sourceTree = "<group>"; };
		07DC64AB27B3ED1D004678F7 /* Tests_iOSLaunchTests.swift */ = {isa = PBXFileReference; lastKnownFileType = sourcecode.swift; path = Tests_iOSLaunchTests.swift; sourceTree = "<group>"; };
		07DC64B127B3ED1D004678F7 /* Tests macOS.xctest */ = {isa = PBXFileReference; explicitFileType = wrapper.cfbundle; includeInIndex = 0; path = "Tests macOS.xctest"; sourceTree = BUILT_PRODUCTS_DIR; };
		07DC64B527B3ED1D004678F7 /* Tests_macOS.swift */ = {isa = PBXFileReference; lastKnownFileType = sourcecode.swift; path = Tests_macOS.swift; sourceTree = "<group>"; };
		07DC64B727B3ED1D004678F7 /* Tests_macOSLaunchTests.swift */ = {isa = PBXFileReference; lastKnownFileType = sourcecode.swift; path = Tests_macOSLaunchTests.swift; sourceTree = "<group>"; };
		07DC64CE27B3ED88004678F7 /* Home.swift */ = {isa = PBXFileReference; lastKnownFileType = sourcecode.swift; path = Home.swift; sourceTree = "<group>"; };
		07DC64D127B3F01D004678F7 /* BlurWindow.swift */ = {isa = PBXFileReference; lastKnownFileType = sourcecode.swift; path = BlurWindow.swift; sourceTree = "<group>"; };
		07E75A2127B7E375006C72FA /* Pintrest (macOS)Debug.entitlements */ = {isa = PBXFileReference; lastKnownFileType = text.plist.entitlements; path = "Pintrest (macOS)Debug.entitlements"; sourceTree = "<group>"; };
/* End PBXFileReference section */

/* Begin PBXFrameworksBuildPhase section */
		07DC649527B3ED1D004678F7 /* Frameworks */ = {
			isa = PBXFrameworksBuildPhase;
			buildActionMask = 2147483647;
			files = (
				076F1E2027B6EAFA00B6D9F8 /* SDWebImageSwiftUI in Frameworks */,
			);
			runOnlyForDeploymentPostprocessing = 0;
		};
		07DC649B27B3ED1D004678F7 /* Frameworks */ = {
			isa = PBXFrameworksBuildPhase;
			buildActionMask = 2147483647;
			files = (
				07E75A2027B7CC95006C72FA /* SDWebImageSwiftUI in Frameworks */,
			);
			runOnlyForDeploymentPostprocessing = 0;
		};
		07DC64A227B3ED1D004678F7 /* Frameworks */ = {
			isa = PBXFrameworksBuildPhase;
			buildActionMask = 2147483647;
			files = (
			);
			runOnlyForDeploymentPostprocessing = 0;
		};
		07DC64AE27B3ED1D004678F7 /* Frameworks */ = {
			isa = PBXFrameworksBuildPhase;
			buildActionMask = 2147483647;
			files = (
			);
			runOnlyForDeploymentPostprocessing = 0;
		};
/* End PBXFrameworksBuildPhase section */

/* Begin PBXGroup section */
		076F1E2127B6EB2F00B6D9F8 /* Model */ = {
			isa = PBXGroup;
			children = (
				076F1E2227B6EB6A00B6D9F8 /* ImageModel.swift */,
			);
			path = Model;
			sourceTree = "<group>";
		};
		076F1E2427B6EC2B00B6D9F8 /* ViewModel */ = {
			isa = PBXGroup;
			children = (
				076F1E2527B6EC4F00B6D9F8 /* ImageViewModel.swift */,
			);
			path = ViewModel;
			sourceTree = "<group>";
		};
		07DC648B27B3ED1B004678F7 = {
			isa = PBXGroup;
			children = (
				07E75A2127B7E375006C72FA /* Pintrest (macOS)Debug.entitlements */,
				07DC649027B3ED1B004678F7 /* Shared */,
				07DC649F27B3ED1D004678F7 /* macOS */,
				07DC64A827B3ED1D004678F7 /* Tests iOS */,
				07DC64B427B3ED1D004678F7 /* Tests macOS */,
				07DC649927B3ED1D004678F7 /* Products */,
				07E75A1E27B7CC95006C72FA /* Frameworks */,
			);
			sourceTree = "<group>";
		};
		07DC649027B3ED1B004678F7 /* Shared */ = {
			isa = PBXGroup;
			children = (
				076F1E2427B6EC2B00B6D9F8 /* ViewModel */,
				076F1E2127B6EB2F00B6D9F8 /* Model */,
				07DC64CD27B3ED2B004678F7 /* VIew */,
				07DC649127B3ED1B004678F7 /* PintrestApp.swift */,
				07DC649227B3ED1B004678F7 /* ContentView.swift */,
				07DC649327B3ED1D004678F7 /* Assets.xcassets */,
			);
			path = Shared;
			sourceTree = "<group>";
		};
		07DC649927B3ED1D004678F7 /* Products */ = {
			isa = PBXGroup;
			children = (
				07DC649827B3ED1D004678F7 /* Pintrest.app */,
				07DC649E27B3ED1D004678F7 /* Pintrest.app */,
				07DC64A527B3ED1D004678F7 /* Tests iOS.xctest */,
				07DC64B127B3ED1D004678F7 /* Tests macOS.xctest */,
			);
			name = Products;
			sourceTree = "<group>";
		};
		07DC649F27B3ED1D004678F7 /* macOS */ = {
			isa = PBXGroup;
			children = (
				07DC64A027B3ED1D004678F7 /* macOS.entitlements */,
			);
			path = macOS;
			sourceTree = "<group>";
		};
		07DC64A827B3ED1D004678F7 /* Tests iOS */ = {
			isa = PBXGroup;
			children = (
				07DC64A927B3ED1D004678F7 /* Tests_iOS.swift */,
				07DC64AB27B3ED1D004678F7 /* Tests_iOSLaunchTests.swift */,
			);
			path = "Tests iOS";
			sourceTree = "<group>";
		};
		07DC64B427B3ED1D004678F7 /* Tests macOS */ = {
			isa = PBXGroup;
			children = (
				07DC64B527B3ED1D004678F7 /* Tests_macOS.swift */,
				07DC64B727B3ED1D004678F7 /* Tests_macOSLaunchTests.swift */,
			);
			path = "Tests macOS";
			sourceTree = "<group>";
		};
		07DC64CD27B3ED2B004678F7 /* VIew */ = {
			isa = PBXGroup;
			children = (
				07DC64CE27B3ED88004678F7 /* Home.swift */,
				07DC64D127B3F01D004678F7 /* BlurWindow.swift */,
				07B862E927B42C0B003ACB52 /* TabButton.swift */,
			);
			path = VIew;
			sourceTree = "<group>";
		};
		07E75A1E27B7CC95006C72FA /* Frameworks */ = {
			isa = PBXGroup;
			children = (
			);
			name = Frameworks;
			sourceTree = "<group>";
		};
/* End PBXGroup section */

/* Begin PBXNativeTarget section */
		07DC649727B3ED1D004678F7 /* Pintrest (iOS) */ = {
			isa = PBXNativeTarget;
			buildConfigurationList = 07DC64C127B3ED1D004678F7 /* Build configuration list for PBXNativeTarget "Pintrest (iOS)" */;
			buildPhases = (
				07DC649427B3ED1D004678F7 /* Sources */,
				07DC649527B3ED1D004678F7 /* Frameworks */,
				07DC649627B3ED1D004678F7 /* Resources */,
			);
			buildRules = (
			);
			dependencies = (
			);
			name = "Pintrest (iOS)";
			packageProductDependencies = (
				076F1E1F27B6EAFA00B6D9F8 /* SDWebImageSwiftUI */,
			);
			productName = "Pintrest (iOS)";
			productReference = 07DC649827B3ED1D004678F7 /* Pintrest.app */;
			productType = "com.apple.product-type.application";
		};
		07DC649D27B3ED1D004678F7 /* Pintrest (macOS) */ = {
			isa = PBXNativeTarget;
			buildConfigurationList = 07DC64C427B3ED1D004678F7 /* Build configuration list for PBXNativeTarget "Pintrest (macOS)" */;
			buildPhases = (
				07DC649A27B3ED1D004678F7 /* Sources */,
				07DC649B27B3ED1D004678F7 /* Frameworks */,
				07DC649C27B3ED1D004678F7 /* Resources */,
			);
			buildRules = (
			);
			dependencies = (
			);
			name = "Pintrest (macOS)";
			packageProductDependencies = (
				07E75A1F27B7CC95006C72FA /* SDWebImageSwiftUI */,
			);
			productName = "Pintrest (macOS)";
			productReference = 07DC649E27B3ED1D004678F7 /* Pintrest.app */;
			productType = "com.apple.product-type.application";
		};
		07DC64A427B3ED1D004678F7 /* Tests iOS */ = {
			isa = PBXNativeTarget;
			buildConfigurationList = 07DC64C727B3ED1D004678F7 /* Build configuration list for PBXNativeTarget "Tests iOS" */;
			buildPhases = (
				07DC64A127B3ED1D004678F7 /* Sources */,
				07DC64A227B3ED1D004678F7 /* Frameworks */,
				07DC64A327B3ED1D004678F7 /* Resources */,
			);
			buildRules = (
			);
			dependencies = (
				07DC64A727B3ED1D004678F7 /* PBXTargetDependency */,
			);
			name = "Tests iOS";
			productName = "Tests iOS";
			productReference = 07DC64A527B3ED1D004678F7 /* Tests iOS.xctest */;
			productType = "com.apple.product-type.bundle.ui-testing";
		};
		07DC64B027B3ED1D004678F7 /* Tests macOS */ = {
			isa = PBXNativeTarget;
			buildConfigurationList = 07DC64CA27B3ED1D004678F7 /* Build configuration list for PBXNativeTarget "Tests macOS" */;
			buildPhases = (
				07DC64AD27B3ED1D004678F7 /* Sources */,
				07DC64AE27B3ED1D004678F7 /* Frameworks */,
				07DC64AF27B3ED1D004678F7 /* Resources */,
			);
			buildRules = (
			);
			dependencies = (
				07DC64B327B3ED1D004678F7 /* PBXTargetDependency */,
			);
			name = "Tests macOS";
			productName = "Tests macOS";
			productReference = 07DC64B127B3ED1D004678F7 /* Tests macOS.xctest */;
			productType = "com.apple.product-type.bundle.ui-testing";
		};
/* End PBXNativeTarget section */

/* Begin PBXProject section */
		07DC648C27B3ED1B004678F7 /* Project object */ = {
			isa = PBXProject;
			attributes = {
				BuildIndependentTargetsInParallel = 1;
				LastSwiftUpdateCheck = 1320;
				LastUpgradeCheck = 1320;
				TargetAttributes = {
					07DC649727B3ED1D004678F7 = {
						CreatedOnToolsVersion = 13.2.1;
					};
					07DC649D27B3ED1D004678F7 = {
						CreatedOnToolsVersion = 13.2.1;
					};
					07DC64A427B3ED1D004678F7 = {
						CreatedOnToolsVersion = 13.2.1;
						TestTargetID = 07DC649727B3ED1D004678F7;
					};
					07DC64B027B3ED1D004678F7 = {
						CreatedOnToolsVersion = 13.2.1;
						TestTargetID = 07DC649D27B3ED1D004678F7;
					};
				};
			};
			buildConfigurationList = 07DC648F27B3ED1B004678F7 /* Build configuration list for PBXProject "Pintrest" */;
			compatibilityVersion = "Xcode 13.0";
			developmentRegion = en;
			hasScannedForEncodings = 0;
			knownRegions = (
				en,
				Base,
			);
			mainGroup = 07DC648B27B3ED1B004678F7;
			packageReferences = (
				076F1E1E27B6EAFA00B6D9F8 /* XCRemoteSwiftPackageReference "SDWebImageSwiftUI" */,
			);
			productRefGroup = 07DC649927B3ED1D004678F7 /* Products */;
			projectDirPath = "";
			projectRoot = "";
			targets = (
				07DC649727B3ED1D004678F7 /* Pintrest (iOS) */,
				07DC649D27B3ED1D004678F7 /* Pintrest (macOS) */,
				07DC64A427B3ED1D004678F7 /* Tests iOS */,
				07DC64B027B3ED1D004678F7 /* Tests macOS */,
			);
		};
/* End PBXProject section */

/* Begin PBXResourcesBuildPhase section */
		07DC649627B3ED1D004678F7 /* Resources */ = {
			isa = PBXResourcesBuildPhase;
			buildActionMask = 2147483647;
			files = (
				07DC64BD27B3ED1D004678F7 /* Assets.xcassets in Resources */,
			);
			runOnlyForDeploymentPostprocessing = 0;
		};
		07DC649C27B3ED1D004678F7 /* Resources */ = {
			isa = PBXResourcesBuildPhase;
			buildActionMask = 2147483647;
			files = (
				07DC64BE27B3ED1D004678F7 /* Assets.xcassets in Resources */,
			);
			runOnlyForDeploymentPostprocessing = 0;
		};
		07DC64A327B3ED1D004678F7 /* Resources */ = {
			isa = PBXResourcesBuildPhase;
			buildActionMask = 2147483647;
			files = (
			);
			runOnlyForDeploymentPostprocessing = 0;
		};
		07DC64AF27B3ED1D004678F7 /* Resources */ = {
			isa = PBXResourcesBuildPhase;
			buildActionMask = 2147483647;
			files = (
			);
			runOnlyForDeploymentPostprocessing = 0;
		};
/* End PBXResourcesBuildPhase section */

/* Begin PBXSourcesBuildPhase section */
		07DC649427B3ED1D004678F7 /* Sources */ = {
			isa = PBXSourcesBuildPhase;
			buildActionMask = 2147483647;
			files = (
				076F1E2627B6EC4F00B6D9F8 /* ImageViewModel.swift in Sources */,
				07DC64D227B3F01D004678F7 /* BlurWindow.swift in Sources */,
				076F1E2327B6EB6A00B6D9F8 /* ImageModel.swift in Sources */,
				07DC64BB27B3ED1D004678F7 /* ContentView.swift in Sources */,
				07DC64CF27B3ED88004678F7 /* Home.swift in Sources */,
				07B862EA27B42C0B003ACB52 /* TabButton.swift in Sources */,
				07DC64B927B3ED1D004678F7 /* PintrestApp.swift in Sources */,
			);
			runOnlyForDeploymentPostprocessing = 0;
		};
		07DC649A27B3ED1D004678F7 /* Sources */ = {
			isa = PBXSourcesBuildPhase;
			buildActionMask = 2147483647;
			files = (
				076F1E2727B6ECA600B6D9F8 /* ImageViewModel.swift in Sources */,
				07DC64D327B3F01D004678F7 /* BlurWindow.swift in Sources */,
				07DC64BC27B3ED1D004678F7 /* ContentView.swift in Sources */,
				07DC64D027B3EDBC004678F7 /* Home.swift in Sources */,
				07B862EB27B42C0B003ACB52 /* TabButton.swift in Sources */,
				07DC64BA27B3ED1D004678F7 /* PintrestApp.swift in Sources */,
				076F1E2827B6ECB900B6D9F8 /* ImageModel.swift in Sources */,
			);
			runOnlyForDeploymentPostprocessing = 0;
		};
		07DC64A127B3ED1D004678F7 /* Sources */ = {
			isa = PBXSourcesBuildPhase;
			buildActionMask = 2147483647;
			files = (
				07DC64AC27B3ED1D004678F7 /* Tests_iOSLaunchTests.swift in Sources */,
				07DC64AA27B3ED1D004678F7 /* Tests_iOS.swift in Sources */,
			);
			runOnlyForDeploymentPostprocessing = 0;
		};
		07DC64AD27B3ED1D004678F7 /* Sources */ = {
			isa = PBXSourcesBuildPhase;
			buildActionMask = 2147483647;
			files = (
				07DC64B827B3ED1D004678F7 /* Tests_macOSLaunchTests.swift in Sources */,
				07DC64B627B3ED1D004678F7 /* Tests_macOS.swift in Sources */,
			);
			runOnlyForDeploymentPostprocessing = 0;
		};
/* End PBXSourcesBuildPhase section */

/* Begin PBXTargetDependency section */
		07DC64A727B3ED1D004678F7 /* PBXTargetDependency */ = {
			isa = PBXTargetDependency;
			target = 07DC649727B3ED1D004678F7 /* Pintrest (iOS) */;
			targetProxy = 07DC64A627B3ED1D004678F7 /* PBXContainerItemProxy */;
		};
		07DC64B327B3ED1D004678F7 /* PBXTargetDependency */ = {
			isa = PBXTargetDependency;
			target = 07DC649D27B3ED1D004678F7 /* Pintrest (macOS) */;
			targetProxy = 07DC64B227B3ED1D004678F7 /* PBXContainerItemProxy */;
		};
/* End PBXTargetDependency section */

/* Begin XCBuildConfiguration section */
		07DC64BF27B3ED1D004678F7 /* Debug */ = {
			isa = XCBuildConfiguration;
			buildSettings = {
				ALWAYS_SEARCH_USER_PATHS = NO;
				CLANG_ANALYZER_NONNULL = YES;
				CLANG_ANALYZER_NUMBER_OBJECT_CONVERSION = YES_AGGRESSIVE;
				CLANG_CXX_LANGUAGE_STANDARD = "gnu++17";
				CLANG_CXX_LIBRARY = "libc++";
				CLANG_ENABLE_MODULES = YES;
				CLANG_ENABLE_OBJC_ARC = YES;
				CLANG_ENABLE_OBJC_WEAK = YES;
				CLANG_WARN_BLOCK_CAPTURE_AUTORELEASING = YES;
				CLANG_WARN_BOOL_CONVERSION = YES;
				CLANG_WARN_COMMA = YES;
				CLANG_WARN_CONSTANT_CONVERSION = YES;
				CLANG_WARN_DEPRECATED_OBJC_IMPLEMENTATIONS = YES;
				CLANG_WARN_DIRECT_OBJC_ISA_USAGE = YES_ERROR;
				CLANG_WARN_DOCUMENTATION_COMMENTS = YES;
				CLANG_WARN_EMPTY_BODY = YES;
				CLANG_WARN_ENUM_CONVERSION = YES;
				CLANG_WARN_INFINITE_RECURSION = YES;
				CLANG_WARN_INT_CONVERSION = YES;
				CLANG_WARN_NON_LITERAL_NULL_CONVERSION = YES;
				CLANG_WARN_OBJC_IMPLICIT_RETAIN_SELF = YES;
				CLANG_WARN_OBJC_LITERAL_CONVERSION = YES;
				CLANG_WARN_OBJC_ROOT_CLASS = YES_ERROR;
				CLANG_WARN_QUOTED_INCLUDE_IN_FRAMEWORK_HEADER = YES;
				CLANG_WARN_RANGE_LOOP_ANALYSIS = YES;
				CLANG_WARN_STRICT_PROTOTYPES = YES;
				CLANG_WARN_SUSPICIOUS_MOVE = YES;
				CLANG_WARN_UNGUARDED_AVAILABILITY = YES_AGGRESSIVE;
				CLANG_WARN_UNREACHABLE_CODE = YES;
				CLANG_WARN__DUPLICATE_METHOD_MATCH = YES;
				COPY_PHASE_STRIP = NO;
				DEBUG_INFORMATION_FORMAT = dwarf;
				ENABLE_STRICT_OBJC_MSGSEND = YES;
				ENABLE_TESTABILITY = YES;
				GCC_C_LANGUAGE_STANDARD = gnu11;
				GCC_DYNAMIC_NO_PIC = NO;
				GCC_NO_COMMON_BLOCKS = YES;
				GCC_OPTIMIZATION_LEVEL = 0;
				GCC_PREPROCESSOR_DEFINITIONS = (
					"DEBUG=1",
					"$(inherited)",
				);
				GCC_WARN_64_TO_32_BIT_CONVERSION = YES;
				GCC_WARN_ABOUT_RETURN_TYPE = YES_ERROR;
				GCC_WARN_UNDECLARED_SELECTOR = YES;
				GCC_WARN_UNINITIALIZED_AUTOS = YES_AGGRESSIVE;
				GCC_WARN_UNUSED_FUNCTION = YES;
				GCC_WARN_UNUSED_VARIABLE = YES;
				MTL_ENABLE_DEBUG_INFO = INCLUDE_SOURCE;
				MTL_FAST_MATH = YES;
				ONLY_ACTIVE_ARCH = YES;
				SWIFT_ACTIVE_COMPILATION_CONDITIONS = DEBUG;
				SWIFT_OPTIMIZATION_LEVEL = "-Onone";
			};
			name = Debug;
		};
		07DC64C027B3ED1D004678F7 /* Release */ = {
			isa = XCBuildConfiguration;
			buildSettings = {
				ALWAYS_SEARCH_USER_PATHS = NO;
				CLANG_ANALYZER_NONNULL = YES;
				CLANG_ANALYZER_NUMBER_OBJECT_CONVERSION = YES_AGGRESSIVE;
				CLANG_CXX_LANGUAGE_STANDARD = "gnu++17";
				CLANG_CXX_LIBRARY = "libc++";
				CLANG_ENABLE_MODULES = YES;
				CLANG_ENABLE_OBJC_ARC = YES;
				CLANG_ENABLE_OBJC_WEAK = YES;
				CLANG_WARN_BLOCK_CAPTURE_AUTORELEASING = YES;
				CLANG_WARN_BOOL_CONVERSION = YES;
				CLANG_WARN_COMMA = YES;
				CLANG_WARN_CONSTANT_CONVERSION = YES;
				CLANG_WARN_DEPRECATED_OBJC_IMPLEMENTATIONS = YES;
				CLANG_WARN_DIRECT_OBJC_ISA_USAGE = YES_ERROR;
				CLANG_WARN_DOCUMENTATION_COMMENTS = YES;
				CLANG_WARN_EMPTY_BODY = YES;
				CLANG_WARN_ENUM_CONVERSION = YES;
				CLANG_WARN_INFINITE_RECURSION = YES;
				CLANG_WARN_INT_CONVERSION = YES;
				CLANG_WARN_NON_LITERAL_NULL_CONVERSION = YES;
				CLANG_WARN_OBJC_IMPLICIT_RETAIN_SELF = YES;
				CLANG_WARN_OBJC_LITERAL_CONVERSION = YES;
				CLANG_WARN_OBJC_ROOT_CLASS = YES_ERROR;
				CLANG_WARN_QUOTED_INCLUDE_IN_FRAMEWORK_HEADER = YES;
				CLANG_WARN_RANGE_LOOP_ANALYSIS = YES;
				CLANG_WARN_STRICT_PROTOTYPES = YES;
				CLANG_WARN_SUSPICIOUS_MOVE = YES;
				CLANG_WARN_UNGUARDED_AVAILABILITY = YES_AGGRESSIVE;
				CLANG_WARN_UNREACHABLE_CODE = YES;
				CLANG_WARN__DUPLICATE_METHOD_MATCH = YES;
				COPY_PHASE_STRIP = NO;
				DEBUG_INFORMATION_FORMAT = "dwarf-with-dsym";
				ENABLE_NS_ASSERTIONS = NO;
				ENABLE_STRICT_OBJC_MSGSEND = YES;
				GCC_C_LANGUAGE_STANDARD = gnu11;
				GCC_NO_COMMON_BLOCKS = YES;
				GCC_WARN_64_TO_32_BIT_CONVERSION = YES;
				GCC_WARN_ABOUT_RETURN_TYPE = YES_ERROR;
				GCC_WARN_UNDECLARED_SELECTOR = YES;
				GCC_WARN_UNINITIALIZED_AUTOS = YES_AGGRESSIVE;
				GCC_WARN_UNUSED_FUNCTION = YES;
				GCC_WARN_UNUSED_VARIABLE = YES;
				MTL_ENABLE_DEBUG_INFO = NO;
				MTL_FAST_MATH = YES;
				SWIFT_COMPILATION_MODE = wholemodule;
				SWIFT_OPTIMIZATION_LEVEL = "-O";
			};
			name = Release;
		};
		07DC64C227B3ED1D004678F7 /* Debug */ = {
			isa = XCBuildConfiguration;
			buildSettings = {
				ASSETCATALOG_COMPILER_APPICON_NAME = AppIcon;
				ASSETCATALOG_COMPILER_GLOBAL_ACCENT_COLOR_NAME = AccentColor;
				CODE_SIGN_STYLE = Automatic;
				CURRENT_PROJECT_VERSION = 1;
				DEVELOPMENT_TEAM = 2XZB56Z6AL;
				ENABLE_PREVIEWS = YES;
				GENERATE_INFOPLIST_FILE = YES;
				INFOPLIST_KEY_UIApplicationSceneManifest_Generation = YES;
				INFOPLIST_KEY_UIApplicationSupportsIndirectInputEvents = YES;
				INFOPLIST_KEY_UILaunchScreen_Generation = YES;
				INFOPLIST_KEY_UISupportedInterfaceOrientations_iPad = "UIInterfaceOrientationPortrait UIInterfaceOrientationPortraitUpsideDown UIInterfaceOrientationLandscapeLeft UIInterfaceOrientationLandscapeRight";
				INFOPLIST_KEY_UISupportedInterfaceOrientations_iPhone = "UIInterfaceOrientationPortrait UIInterfaceOrientationLandscapeLeft UIInterfaceOrientationLandscapeRight";
				IPHONEOS_DEPLOYMENT_TARGET = 15.2;
				LD_RUNPATH_SEARCH_PATHS = (
					"$(inherited)",
					"@executable_path/Frameworks",
				);
				MARKETING_VERSION = 1.0;
				PRODUCT_BUNDLE_IDENTIFIER = "Northen-Gannet.Pintrest";
				PRODUCT_NAME = Pintrest;
				SDKROOT = iphoneos;
				SWIFT_EMIT_LOC_STRINGS = YES;
				SWIFT_VERSION = 5.0;
				TARGETED_DEVICE_FAMILY = "1,2";
			};
			name = Debug;
		};
		07DC64C327B3ED1D004678F7 /* Release */ = {
			isa = XCBuildConfiguration;
			buildSettings = {
				ASSETCATALOG_COMPILER_APPICON_NAME = AppIcon;
				ASSETCATALOG_COMPILER_GLOBAL_ACCENT_COLOR_NAME = AccentColor;
				CODE_SIGN_STYLE = Automatic;
				CURRENT_PROJECT_VERSION = 1;
				DEVELOPMENT_TEAM = 2XZB56Z6AL;
				ENABLE_PREVIEWS = YES;
				GENERATE_INFOPLIST_FILE = YES;
				INFOPLIST_KEY_UIApplicationSceneManifest_Generation = YES;
				INFOPLIST_KEY_UIApplicationSupportsIndirectInputEvents = YES;
				INFOPLIST_KEY_UILaunchScreen_Generation = YES;
				INFOPLIST_KEY_UISupportedInterfaceOrientations_iPad = "UIInterfaceOrientationPortrait UIInterfaceOrientationPortraitUpsideDown UIInterfaceOrientationLandscapeLeft UIInterfaceOrientationLandscapeRight";
				INFOPLIST_KEY_UISupportedInterfaceOrientations_iPhone = "UIInterfaceOrientationPortrait UIInterfaceOrientationLandscapeLeft UIInterfaceOrientationLandscapeRight";
				IPHONEOS_DEPLOYMENT_TARGET = 15.2;
				LD_RUNPATH_SEARCH_PATHS = (
					"$(inherited)",
					"@executable_path/Frameworks",
				);
				MARKETING_VERSION = 1.0;
				PRODUCT_BUNDLE_IDENTIFIER = "Northen-Gannet.Pintrest";
				PRODUCT_NAME = Pintrest;
				SDKROOT = iphoneos;
				SWIFT_EMIT_LOC_STRINGS = YES;
				SWIFT_VERSION = 5.0;
				TARGETED_DEVICE_FAMILY = "1,2";
				VALIDATE_PRODUCT = YES;
			};
			name = Release;
		};
		07DC64C527B3ED1D004678F7 /* Debug */ = {
			isa = XCBuildConfiguration;
			buildSettings = {
				ASSETCATALOG_COMPILER_APPICON_NAME = AppIcon;
				ASSETCATALOG_COMPILER_GLOBAL_ACCENT_COLOR_NAME = AccentColor;
				CODE_SIGN_ENTITLEMENTS = "Pintrest (macOS)Debug.entitlements";
				CODE_SIGN_STYLE = Automatic;
				COMBINE_HIDPI_IMAGES = YES;
				CURRENT_PROJECT_VERSION = 1;
				DEVELOPMENT_TEAM = 2XZB56Z6AL;
				ENABLE_HARDENED_RUNTIME = YES;
				ENABLE_PREVIEWS = YES;
				GENERATE_INFOPLIST_FILE = YES;
				INFOPLIST_KEY_NSHumanReadableCopyright = "";
				LD_RUNPATH_SEARCH_PATHS = (
					"$(inherited)",
					"@executable_path/../Frameworks",
				);
				MACOSX_DEPLOYMENT_TARGET = 12.1;
				MARKETING_VERSION = 1.0;
				PRODUCT_BUNDLE_IDENTIFIER = "Northen-Gannet.Pintrest";
				PRODUCT_NAME = Pintrest;
				SDKROOT = macosx;
				SWIFT_EMIT_LOC_STRINGS = YES;
				SWIFT_VERSION = 5.0;
			};
			name = Debug;
		};
		07DC64C627B3ED1D004678F7 /* Release */ = {
			isa = XCBuildConfiguration;
			buildSettings = {
				ASSETCATALOG_COMPILER_APPICON_NAME = AppIcon;
				ASSETCATALOG_COMPILER_GLOBAL_ACCENT_COLOR_NAME = AccentColor;
				CODE_SIGN_ENTITLEMENTS = macOS/macOS.entitlements;
				CODE_SIGN_STYLE = Automatic;
				COMBINE_HIDPI_IMAGES = YES;
				CURRENT_PROJECT_VERSION = 1;
				DEVELOPMENT_TEAM = 2XZB56Z6AL;
				ENABLE_HARDENED_RUNTIME = YES;
				ENABLE_PREVIEWS = YES;
				GENERATE_INFOPLIST_FILE = YES;
				INFOPLIST_KEY_NSHumanReadableCopyright = "";
				LD_RUNPATH_SEARCH_PATHS = (
					"$(inherited)",
					"@executable_path/../Frameworks",
				);
				MACOSX_DEPLOYMENT_TARGET = 12.1;
				MARKETING_VERSION = 1.0;
				PRODUCT_BUNDLE_IDENTIFIER = "Northen-Gannet.Pintrest";
				PRODUCT_NAME = Pintrest;
				SDKROOT = macosx;
				SWIFT_EMIT_LOC_STRINGS = YES;
				SWIFT_VERSION = 5.0;
			};
			name = Release;
		};
		07DC64C827B3ED1D004678F7 /* Debug */ = {
			isa = XCBuildConfiguration;
			buildSettings = {
				ALWAYS_EMBED_SWIFT_STANDARD_LIBRARIES = YES;
				CODE_SIGN_STYLE = Automatic;
				CURRENT_PROJECT_VERSION = 1;
				DEVELOPMENT_TEAM = 2XZB56Z6AL;
				GENERATE_INFOPLIST_FILE = YES;
				IPHONEOS_DEPLOYMENT_TARGET = 15.2;
				MARKETING_VERSION = 1.0;
				PRODUCT_BUNDLE_IDENTIFIER = "Northen-Gannet.Tests-iOS";
				PRODUCT_NAME = "$(TARGET_NAME)";
				SDKROOT = iphoneos;
				SWIFT_EMIT_LOC_STRINGS = NO;
				SWIFT_VERSION = 5.0;
				TARGETED_DEVICE_FAMILY = "1,2";
				TEST_TARGET_NAME = "Pintrest (iOS)";
			};
			name = Debug;
		};
		07DC64C927B3ED1D004678F7 /* Release */ = {
			isa = XCBuildConfiguration;
			buildSettings = {
				ALWAYS_EMBED_SWIFT_STANDARD_LIBRARIES = YES;
				CODE_SIGN_STYLE = Automatic;
				CURRENT_PROJECT_VERSION = 1;
				DEVELOPMENT_TEAM = 2XZB56Z6AL;
				GENERATE_INFOPLIST_FILE = YES;
				IPHONEOS_DEPLOYMENT_TARGET = 15.2;
				MARKETING_VERSION = 1.0;
				PRODUCT_BUNDLE_IDENTIFIER = "Northen-Gannet.Tests-iOS";
				PRODUCT_NAME = "$(TARGET_NAME)";
				SDKROOT = iphoneos;
				SWIFT_EMIT_LOC_STRINGS = NO;
				SWIFT_VERSION = 5.0;
				TARGETED_DEVICE_FAMILY = "1,2";
				TEST_TARGET_NAME = "Pintrest (iOS)";
				VALIDATE_PRODUCT = YES;
			};
			name = Release;
		};
		07DC64CB27B3ED1D004678F7 /* Debug */ = {
			isa = XCBuildConfiguration;
			buildSettings = {
				ALWAYS_EMBED_SWIFT_STANDARD_LIBRARIES = YES;
				CODE_SIGN_STYLE = Automatic;
				CURRENT_PROJECT_VERSION = 1;
				DEVELOPMENT_TEAM = 2XZB56Z6AL;
				GENERATE_INFOPLIST_FILE = YES;
				MACOSX_DEPLOYMENT_TARGET = 12.1;
				MARKETING_VERSION = 1.0;
				PRODUCT_BUNDLE_IDENTIFIER = "Northen-Gannet.Tests-macOS";
				PRODUCT_NAME = "$(TARGET_NAME)";
				SDKROOT = macosx;
				SWIFT_EMIT_LOC_STRINGS = NO;
				SWIFT_VERSION = 5.0;
				TEST_TARGET_NAME = "Pintrest (macOS)";
			};
			name = Debug;
		};
		07DC64CC27B3ED1D004678F7 /* Release */ = {
			isa = XCBuildConfiguration;
			buildSettings = {
				ALWAYS_EMBED_SWIFT_STANDARD_LIBRARIES = YES;
				CODE_SIGN_STYLE = Automatic;
				CURRENT_PROJECT_VERSION = 1;
				DEVELOPMENT_TEAM = 2XZB56Z6AL;
				GENERATE_INFOPLIST_FILE = YES;
				MACOSX_DEPLOYMENT_TARGET = 12.1;
				MARKETING_VERSION = 1.0;
				PRODUCT_BUNDLE_IDENTIFIER = "Northen-Gannet.Tests-macOS";
				PRODUCT_NAME = "$(TARGET_NAME)";
				SDKROOT = macosx;
				SWIFT_EMIT_LOC_STRINGS = NO;
				SWIFT_VERSION = 5.0;
				TEST_TARGET_NAME = "Pintrest (macOS)";
			};
			name = Release;
		};
/* End XCBuildConfiguration section */

/* Begin XCConfigurationList section */
		07DC648F27B3ED1B004678F7 /* Build configuration list for PBXProject "Pintrest" */ = {
			isa = XCConfigurationList;
			buildConfigurations = (
				07DC64BF27B3ED1D004678F7 /* Debug */,
				07DC64C027B3ED1D004678F7 /* Release */,
			);
			defaultConfigurationIsVisible = 0;
			defaultConfigurationName = Release;
		};
		07DC64C127B3ED1D004678F7 /* Build configuration list for PBXNativeTarget "Pintrest (iOS)" */ = {
			isa = XCConfigurationList;
			buildConfigurations = (
				07DC64C227B3ED1D004678F7 /* Debug */,
				07DC64C327B3ED1D004678F7 /* Release */,
			);
			defaultConfigurationIsVisible = 0;
			defaultConfigurationName = Release;
		};
		07DC64C427B3ED1D004678F7 /* Build configuration list for PBXNativeTarget "Pintrest (macOS)" */ = {
			isa = XCConfigurationList;
			buildConfigurations = (
				07DC64C527B3ED1D004678F7 /* Debug */,
				07DC64C627B3ED1D004678F7 /* Release */,
			);
			defaultConfigurationIsVisible = 0;
			defaultConfigurationName = Release;
		};
		07DC64C727B3ED1D004678F7 /* Build configuration list for PBXNativeTarget "Tests iOS" */ = {
			isa = XCConfigurationList;
			buildConfigurations = (
				07DC64C827B3ED1D004678F7 /* Debug */,
				07DC64C927B3ED1D004678F7 /* Release */,
			);
			defaultConfigurationIsVisible = 0;
			defaultConfigurationName = Release;
		};
		07DC64CA27B3ED1D004678F7 /* Build configuration list for PBXNativeTarget "Tests macOS" */ = {
			isa = XCConfigurationList;
			buildConfigurations = (
				07DC64CB27B3ED1D004678F7 /* Debug */,
				07DC64CC27B3ED1D004678F7 /* Release */,
			);
			defaultConfigurationIsVisible = 0;
			defaultConfigurationName = Release;
		};
/* End XCConfigurationList section */

/* Begin XCRemoteSwiftPackageReference section */
		076F1E1E27B6EAFA00B6D9F8 /* XCRemoteSwiftPackageReference "SDWebImageSwiftUI" */ = {
			isa = XCRemoteSwiftPackageReference;
			repositoryURL = "https://github.com/SDWebImage/SDWebImageSwiftUI.git";
			requirement = {
				kind = upToNextMajorVersion;
				minimumVersion = 2.0.0;
			};
		};
/* End XCRemoteSwiftPackageReference section */

/* Begin XCSwiftPackageProductDependency section */
		076F1E1F27B6EAFA00B6D9F8 /* SDWebImageSwiftUI */ = {
			isa = XCSwiftPackageProductDependency;
			package = 076F1E1E27B6EAFA00B6D9F8 /* XCRemoteSwiftPackageReference "SDWebImageSwiftUI" */;
			productName = SDWebImageSwiftUI;
		};
		07E75A1F27B7CC95006C72FA /* SDWebImageSwiftUI */ = {
			isa = XCSwiftPackageProductDependency;
			package = 076F1E1E27B6EAFA00B6D9F8 /* XCRemoteSwiftPackageReference "SDWebImageSwiftUI" */;
			productName = SDWebImageSwiftUI;
		};
/* End XCSwiftPackageProductDependency section */
	};
	rootObject = 07DC648C27B3ED1B004678F7 /* Project object */;
}
